{
  "name": "paper-proof-widget",
  "version": "1.0.0",
  "lockfileVersion": 2,
  "requires": true,
  "packages": {
    "": {
      "name": "paper-proof-widget",
      "version": "1.0.0",
      "license": "MIT",
      "dependencies": {
        "@leanprover/infoview": "^0.4.2",
        "react": "^18.2.0"
      },
      "devDependencies": {
        "rollup": "^3.19.1"
      }
    },
    "node_modules/@leanprover/infoview": {
      "version": "0.4.2",
      "resolved": "https://registry.npmjs.org/@leanprover/infoview/-/infoview-0.4.2.tgz",
      "integrity": "sha512-Bj+q/7n1xlnpRd4xsJ75uikZPwW5id/G4G1JPqhbbfMacTwAgzLNFaqJhzBrIUuF5nxJYGKRqRIeFtkalGxJ0g==",
      "license": "Apache-2.0",
      "dependencies": {
        "@leanprover/infoview-api": "~0.2.1",
        "@vscode/codicons": "^0.0.32",
        "es-module-shims": "^1.6.2",
        "marked": "^4.2.2",
        "react-fast-compare": "^3.2.0",
        "tachyons": "^4.12.0",
        "vscode-languageserver-protocol": "^3.17.2"
      }
    },
    "node_modules/@leanprover/infoview-api": {
      "version": "0.2.1",
      "resolved": "https://registry.npmjs.org/@leanprover/infoview-api/-/infoview-api-0.2.1.tgz",
      "integrity": "sha512-4sYdwOhUsa5wfvo/ZsCbcm8fBWcrATciZq0sWfmi5NRbIyZ+c2QjTm6D9CeYPCNvz9yvD1KBp/2+hKEZ8SOHkA==",
      "license": "Apache-2.0"
    },
    "node_modules/@vscode/codicons": {
      "version": "0.0.32",
      "resolved": "https://registry.npmjs.org/@vscode/codicons/-/codicons-0.0.32.tgz",
      "integrity": "sha512-3lgSTWhAzzWN/EPURoY4ZDBEA80OPmnaknNujA3qnI4Iu7AONWd9xF3iE4L+4prIe8E3TUnLQ4pxoaFTEEZNwg==",
      "license": "CC-BY-4.0"
    },
    "node_modules/es-module-shims": {
      "version": "1.7.0",
      "resolved": "https://registry.npmjs.org/es-module-shims/-/es-module-shims-1.7.0.tgz",
      "integrity": "sha512-0ZOzdZjwYqpzTXX4r6kVG3qM6iIBI41kyVrnnWZiN18k/7VQZOq8HMPdT8rNfz7A29iQNegQh0aqpFGMt4Cjow==",
      "license": "MIT"
    },
    "node_modules/fsevents": {
      "version": "2.3.2",
      "resolved": "https://registry.npmjs.org/fsevents/-/fsevents-2.3.2.tgz",
      "integrity": "sha512-xiqMQR4xAeHTuB9uWm+fFRcIOgKBMiOBP+eXiyT7jsgVCq1bkVygt00oASowB7EdtpOHaaPgKt812P9ab+DDKA==",
      "dev": true,
      "license": "MIT",
      "optional": true,
      "os": [
        "darwin"
      ],
      "engines": {
        "node": "^8.16.0 || ^10.6.0 || >=11.0.0"
      }
    },
    "node_modules/js-tokens": {
      "version": "4.0.0",
      "resolved": "https://registry.npmjs.org/js-tokens/-/js-tokens-4.0.0.tgz",
      "integrity": "sha512-RdJUflcE3cUzKiMqQgsCu06FPu9UdIJO0beYbPhHN4k6apgJtifcoCtT9bcxOpYBtpD2kCM6Sbzg4CausW/PKQ==",
      "license": "MIT"
    },
    "node_modules/loose-envify": {
      "version": "1.4.0",
      "resolved": "https://registry.npmjs.org/loose-envify/-/loose-envify-1.4.0.tgz",
      "integrity": "sha512-lyuxPGr/Wfhrlem2CL/UcnUc1zcqKAImBDzukY7Y5F/yQiNdko6+fRLevlw1HgMySw7f611UIY408EtxRSoK3Q==",
      "license": "MIT",
      "dependencies": {
        "js-tokens": "^3.0.0 || ^4.0.0"
      },
      "bin": {
        "loose-envify": "cli.js"
      }
    },
    "node_modules/marked": {
      "version": "4.2.12",
      "resolved": "https://registry.npmjs.org/marked/-/marked-4.2.12.tgz",
      "integrity": "sha512-yr8hSKa3Fv4D3jdZmtMMPghgVt6TWbk86WQaWhDloQjRSQhMMYCAro7jP7VDJrjjdV8pxVxMssXS8B8Y5DZ5aw==",
      "license": "MIT",
      "bin": {
        "marked": "bin/marked.js"
      },
      "engines": {
        "node": ">= 12"
      }
    },
    "node_modules/react": {
      "version": "18.2.0",
      "resolved": "https://registry.npmjs.org/react/-/react-18.2.0.tgz",
      "integrity": "sha512-/3IjMdb2L9QbBdWiW5e3P2/npwMBaU9mHCSCUzNln0ZCYbcfTsGbTJrU/kGemdH2IWmB2ioZ+zkxtmq6g09fGQ==",
      "license": "MIT",
      "dependencies": {
        "loose-envify": "^1.1.0"
      },
      "engines": {
        "node": ">=0.10.0"
      }
    },
    "node_modules/react-fast-compare": {
      "version": "3.2.0",
      "resolved": "https://registry.npmjs.org/react-fast-compare/-/react-fast-compare-3.2.0.tgz",
      "integrity": "sha512-rtGImPZ0YyLrscKI9xTpV8psd6I8VAtjKCzQDlzyDvqJA8XOW78TXYQwNRNd8g8JZnDu8q9Fu/1v4HPAVwVdHA==",
      "license": "MIT"
    },
    "node_modules/rollup": {
      "version": "3.19.1",
      "resolved": "https://registry.npmjs.org/rollup/-/rollup-3.19.1.tgz",
      "integrity": "sha512-lAbrdN7neYCg/8WaoWn/ckzCtz+jr70GFfYdlf50OF7387HTg+wiuiqJRFYawwSPpqfqDNYqK7smY/ks2iAudg==",
      "dev": true,
      "license": "MIT",
      "bin": {
        "rollup": "dist/bin/rollup"
      },
      "engines": {
        "node": ">=14.18.0",
        "npm": ">=8.0.0"
      },
      "optionalDependencies": {
        "fsevents": "~2.3.2"
      }
    },
    "node_modules/tachyons": {
      "version": "4.12.0",
      "resolved": "https://registry.npmjs.org/tachyons/-/tachyons-4.12.0.tgz",
      "integrity": "sha512-2nA2IrYFy3raCM9fxJ2KODRGHVSZNTW3BR0YnlGsLUf1DA3pk3YfWZ/DdfbnZK6zLZS+jUenlUGJsKcA5fUiZg==",
      "license": "MIT"
    },
    "node_modules/vscode-jsonrpc": {
      "version": "8.1.0",
      "resolved": "https://registry.npmjs.org/vscode-jsonrpc/-/vscode-jsonrpc-8.1.0.tgz",
      "integrity": "sha512-6TDy/abTQk+zDGYazgbIPc+4JoXdwC8NHU9Pbn4UJP1fehUyZmM4RHp5IthX7A6L5KS30PRui+j+tbbMMMafdw==",
      "license": "MIT",
      "engines": {
        "node": ">=14.0.0"
      }
    },
    "node_modules/vscode-languageserver-protocol": {
      "version": "3.17.3",
      "resolved": "https://registry.npmjs.org/vscode-languageserver-protocol/-/vscode-languageserver-protocol-3.17.3.tgz",
      "integrity": "sha512-924/h0AqsMtA5yK22GgMtCYiMdCOtWTSGgUOkgEDX+wk2b0x4sAfLiO4NxBxqbiVtz7K7/1/RgVrVI0NClZwqA==",
      "license": "MIT",
      "dependencies": {
        "vscode-jsonrpc": "8.1.0",
        "vscode-languageserver-types": "3.17.3"
      }
    },
    "node_modules/vscode-languageserver-types": {
      "version": "3.17.3",
      "resolved": "https://registry.npmjs.org/vscode-languageserver-types/-/vscode-languageserver-types-3.17.3.tgz",
      "integrity": "sha512-SYU4z1dL0PyIMd4Vj8YOqFvHu7Hz/enbWtpfnVbJHU4Nd1YNYx8u0ennumc6h48GQNeOLxmwySmnADouT/AuZA==",
      "license": "MIT"
    }
  },
  "dependencies": {
    "@leanprover/infoview": {
      "version": "0.4.2",
      "resolved": "https://registry.npmjs.org/@leanprover/infoview/-/infoview-0.4.2.tgz",
      "integrity": "sha512-Bj+q/7n1xlnpRd4xsJ75uikZPwW5id/G4G1JPqhbbfMacTwAgzLNFaqJhzBrIUuF5nxJYGKRqRIeFtkalGxJ0g==",
      "requires": {
        "@leanprover/infoview-api": "~0.2.1",
        "@vscode/codicons": "^0.0.32",
        "es-module-shims": "^1.6.2",
        "marked": "^4.2.2",
        "react-fast-compare": "^3.2.0",
        "tachyons": "^4.12.0",
        "vscode-languageserver-protocol": "^3.17.2"
      }
    },
    "@leanprover/infoview-api": {
      "version": "0.2.1",
      "resolved": "https://registry.npmjs.org/@leanprover/infoview-api/-/infoview-api-0.2.1.tgz",
      "integrity": "sha512-4sYdwOhUsa5wfvo/ZsCbcm8fBWcrATciZq0sWfmi5NRbIyZ+c2QjTm6D9CeYPCNvz9yvD1KBp/2+hKEZ8SOHkA=="
    },
    "@vscode/codicons": {
      "version": "0.0.32",
      "resolved": "https://registry.npmjs.org/@vscode/codicons/-/codicons-0.0.32.tgz",
      "integrity": "sha512-3lgSTWhAzzWN/EPURoY4ZDBEA80OPmnaknNujA3qnI4Iu7AONWd9xF3iE4L+4prIe8E3TUnLQ4pxoaFTEEZNwg=="
    },
    "es-module-shims": {
      "version": "1.7.0",
      "resolved": "https://registry.npmjs.org/es-module-shims/-/es-module-shims-1.7.0.tgz",
      "integrity": "sha512-0ZOzdZjwYqpzTXX4r6kVG3qM6iIBI41kyVrnnWZiN18k/7VQZOq8HMPdT8rNfz7A29iQNegQh0aqpFGMt4Cjow=="
    },
    "fsevents": {
      "version": "2.3.2",
      "resolved": "https://registry.npmjs.org/fsevents/-/fsevents-2.3.2.tgz",
      "integrity": "sha512-xiqMQR4xAeHTuB9uWm+fFRcIOgKBMiOBP+eXiyT7jsgVCq1bkVygt00oASowB7EdtpOHaaPgKt812P9ab+DDKA==",
      "dev": true,
      "optional": true
    },
    "js-tokens": {
      "version": "4.0.0",
      "resolved": "https://registry.npmjs.org/js-tokens/-/js-tokens-4.0.0.tgz",
      "integrity": "sha512-RdJUflcE3cUzKiMqQgsCu06FPu9UdIJO0beYbPhHN4k6apgJtifcoCtT9bcxOpYBtpD2kCM6Sbzg4CausW/PKQ=="
    },
    "loose-envify": {
      "version": "1.4.0",
      "resolved": "https://registry.npmjs.org/loose-envify/-/loose-envify-1.4.0.tgz",
      "integrity": "sha512-lyuxPGr/Wfhrlem2CL/UcnUc1zcqKAImBDzukY7Y5F/yQiNdko6+fRLevlw1HgMySw7f611UIY408EtxRSoK3Q==",
      "requires": {
        "js-tokens": "^3.0.0 || ^4.0.0"
      }
    },
    "marked": {
      "version": "4.2.12",
      "resolved": "https://registry.npmjs.org/marked/-/marked-4.2.12.tgz",
      "integrity": "sha512-yr8hSKa3Fv4D3jdZmtMMPghgVt6TWbk86WQaWhDloQjRSQhMMYCAro7jP7VDJrjjdV8pxVxMssXS8B8Y5DZ5aw=="
    },
    "react": {
      "version": "18.2.0",
      "resolved": "https://registry.npmjs.org/react/-/react-18.2.0.tgz",
      "integrity": "sha512-/3IjMdb2L9QbBdWiW5e3P2/npwMBaU9mHCSCUzNln0ZCYbcfTsGbTJrU/kGemdH2IWmB2ioZ+zkxtmq6g09fGQ==",
      "requires": {
        "loose-envify": "^1.1.0"
      }
    },
    "react-fast-compare": {
      "version": "3.2.0",
      "resolved": "https://registry.npmjs.org/react-fast-compare/-/react-fast-compare-3.2.0.tgz",
      "integrity": "sha512-rtGImPZ0YyLrscKI9xTpV8psd6I8VAtjKCzQDlzyDvqJA8XOW78TXYQwNRNd8g8JZnDu8q9Fu/1v4HPAVwVdHA=="
    },
    "rollup": {
      "version": "3.19.1",
      "resolved": "https://registry.npmjs.org/rollup/-/rollup-3.19.1.tgz",
      "integrity": "sha512-lAbrdN7neYCg/8WaoWn/ckzCtz+jr70GFfYdlf50OF7387HTg+wiuiqJRFYawwSPpqfqDNYqK7smY/ks2iAudg==",
      "dev": true,
      "requires": {
        "fsevents": "~2.3.2"
      }
    },
    "tachyons": {
      "version": "4.12.0",
      "resolved": "https://registry.npmjs.org/tachyons/-/tachyons-4.12.0.tgz",
      "integrity": "sha512-2nA2IrYFy3raCM9fxJ2KODRGHVSZNTW3BR0YnlGsLUf1DA3pk3YfWZ/DdfbnZK6zLZS+jUenlUGJsKcA5fUiZg=="
    },
    "vscode-jsonrpc": {
      "version": "8.1.0",
      "resolved": "https://registry.npmjs.org/vscode-jsonrpc/-/vscode-jsonrpc-8.1.0.tgz",
      "integrity": "sha512-6TDy/abTQk+zDGYazgbIPc+4JoXdwC8NHU9Pbn4UJP1fehUyZmM4RHp5IthX7A6L5KS30PRui+j+tbbMMMafdw=="
    },
    "vscode-languageserver-protocol": {
      "version": "3.17.3",
      "resolved": "https://registry.npmjs.org/vscode-languageserver-protocol/-/vscode-languageserver-protocol-3.17.3.tgz",
      "integrity": "sha512-924/h0AqsMtA5yK22GgMtCYiMdCOtWTSGgUOkgEDX+wk2b0x4sAfLiO4NxBxqbiVtz7K7/1/RgVrVI0NClZwqA==",
      "requires": {
        "vscode-jsonrpc": "8.1.0",
        "vscode-languageserver-types": "3.17.3"
      }
    },
    "vscode-languageserver-types": {
      "version": "3.17.3",
      "resolved": "https://registry.npmjs.org/vscode-languageserver-types/-/vscode-languageserver-types-3.17.3.tgz",
      "integrity": "sha512-SYU4z1dL0PyIMd4Vj8YOqFvHu7Hz/enbWtpfnVbJHU4Nd1YNYx8u0ennumc6h48GQNeOLxmwySmnADouT/AuZA=="
    }
  }
}
